{
    "version": 3,
    "terraform_version": "0.10.5",
    "serial": 5,
    "lineage": "50ecdff1-156e-4dc3-9181-3c18b5cc8165",
    "modules": [
        {
            "path": [
                "root"
            ],
            "outputs": {
                "successfully subnet created": {
                    "sensitive": false,
                    "type": "string",
                    "value": "test-subnet"
                },
                "successfully subnet_dev created": {
                    "sensitive": false,
                    "type": "string",
                    "value": "dev-subnet"
                },
                "successfully vpc created": {
                    "sensitive": false,
                    "type": "string",
                    "value": "test"
                },
                "successfully vpc_dev created": {
                    "sensitive": false,
                    "type": "string",
                    "value": "dev"
                }
            },
            "resources": {
                "google_compute_firewall.devfirewall": {
                    "type": "google_compute_firewall",
                    "depends_on": [
                        "google_compute_network.dev"
                    ],
                    "primary": {
                        "id": "dev-firewall",
                        "attributes": {
                            "allow.#": "2",
                            "allow.1367131964.ports.#": "0",
                            "allow.1367131964.protocol": "icmp",
                            "allow.1819892574.ports.#": "3",
                            "allow.1819892574.ports.0": "80",
                            "allow.1819892574.ports.1": "8080",
                            "allow.1819892574.ports.2": "22",
                            "allow.1819892574.protocol": "tcp",
                            "deny.#": "0",
                            "description": "",
                            "destination_ranges.#": "0",
                            "id": "dev-firewall",
                            "name": "dev-firewall",
                            "network": "dev",
                            "project": "akrantha-web",
                            "self_link": "https://www.googleapis.com/compute/v1/projects/akrantha-web/global/firewalls/dev-firewall",
                            "source_ranges.#": "1",
                            "source_ranges.1080289494": "0.0.0.0/0",
                            "source_tags.#": "0",
                            "target_tags.#": "0"
                        },
                        "meta": {
                            "schema_version": "1"
                        },
                        "tainted": false
                    },
                    "deposed": [],
                    "provider": ""
                },
                "google_compute_firewall.testfirewall": {
                    "type": "google_compute_firewall",
                    "depends_on": [
                        "google_compute_network.test"
                    ],
                    "primary": {
                        "id": "test-firewall",
                        "attributes": {
                            "allow.#": "2",
                            "allow.1367131964.ports.#": "0",
                            "allow.1367131964.protocol": "icmp",
                            "allow.1819892574.ports.#": "3",
                            "allow.1819892574.ports.0": "80",
                            "allow.1819892574.ports.1": "8080",
                            "allow.1819892574.ports.2": "22",
                            "allow.1819892574.protocol": "tcp",
                            "deny.#": "0",
                            "description": "",
                            "destination_ranges.#": "0",
                            "id": "test-firewall",
                            "name": "test-firewall",
                            "network": "test",
                            "project": "akrantha-web",
                            "self_link": "https://www.googleapis.com/compute/v1/projects/akrantha-web/global/firewalls/test-firewall",
                            "source_ranges.#": "1",
                            "source_ranges.1080289494": "0.0.0.0/0",
                            "source_tags.#": "0",
                            "target_tags.#": "0"
                        },
                        "meta": {
                            "schema_version": "1"
                        },
                        "tainted": false
                    },
                    "deposed": [],
                    "provider": ""
                },
                "google_compute_network.dev": {
                    "type": "google_compute_network",
                    "depends_on": [],
                    "primary": {
                        "id": "dev",
                        "attributes": {
                            "auto_create_subnetworks": "false",
                            "gateway_ipv4": "",
                            "id": "dev",
                            "ipv4_range": "",
                            "name": "dev",
                            "self_link": "https://www.googleapis.com/compute/v1/projects/akrantha-web/global/networks/dev"
                        },
                        "meta": {},
                        "tainted": false
                    },
                    "deposed": [],
                    "provider": ""
                },
                "google_compute_network.test": {
                    "type": "google_compute_network",
                    "depends_on": [],
                    "primary": {
                        "id": "test",
                        "attributes": {
                            "auto_create_subnetworks": "false",
                            "gateway_ipv4": "",
                            "id": "test",
                            "ipv4_range": "",
                            "name": "test",
                            "self_link": "https://www.googleapis.com/compute/v1/projects/akrantha-web/global/networks/test"
                        },
                        "meta": {},
                        "tainted": false
                    },
                    "deposed": [],
                    "provider": ""
                },
                "google_compute_subnetwork.dev1": {
                    "type": "google_compute_subnetwork",
                    "depends_on": [
                        "google_compute_network.dev"
                    ],
                    "primary": {
                        "id": "us-central1/dev-subnet",
                        "attributes": {
                            "description": "",
                            "gateway_address": "172.18.1.1",
                            "id": "us-central1/dev-subnet",
                            "ip_cidr_range": "172.18.1.0/24",
                            "name": "dev-subnet",
                            "network": "https://www.googleapis.com/compute/v1/projects/akrantha-web/global/networks/dev",
                            "private_ip_google_access": "false",
                            "region": "us-central1",
                            "secondary_ip_range.#": "0",
                            "self_link": "https://www.googleapis.com/compute/v1/projects/akrantha-web/regions/us-central1/subnetworks/dev-subnet"
                        },
                        "meta": {},
                        "tainted": false
                    },
                    "deposed": [],
                    "provider": ""
                },
                "google_compute_subnetwork.test1": {
                    "type": "google_compute_subnetwork",
                    "depends_on": [
                        "google_compute_network.test"
                    ],
                    "primary": {
                        "id": "us-central1/test-subnet",
                        "attributes": {
                            "description": "",
                            "gateway_address": "10.0.0.1",
                            "id": "us-central1/test-subnet",
                            "ip_cidr_range": "10.0.0.0/24",
                            "name": "test-subnet",
                            "network": "https://www.googleapis.com/compute/v1/projects/akrantha-web/global/networks/test",
                            "private_ip_google_access": "false",
                            "region": "us-central1",
                            "secondary_ip_range.#": "0",
                            "self_link": "https://www.googleapis.com/compute/v1/projects/akrantha-web/regions/us-central1/subnetworks/test-subnet"
                        },
                        "meta": {},
                        "tainted": false
                    },
                    "deposed": [],
                    "provider": ""
                }
            },
            "depends_on": []
        }
    ]
}
