{
    "version": 3,
    "terraform_version": "0.10.5",
    "serial": 12,
    "lineage": "0dc1eeb4-e8c7-4e48-95b2-39f4b41d4f6f",
    "modules": [
        {
            "path": [
                "root"
            ],
            "outputs": {
                "ravi\u0026santosh created dec vpc": {
                    "sensitive": false,
                    "type": "string",
                    "value": "dev"
                }
            },
            "resources": {
                "google_compute_network.dev": {
                    "type": "google_compute_network",
                    "depends_on": [],
                    "primary": {
                        "id": "dev",
                        "attributes": {
                            "auto_create_subnetworks": "false",
                            "gateway_ipv4": "",
                            "id": "dev",
                            "ipv4_range": "",
                            "name": "dev",
                            "self_link": "https://www.googleapis.com/compute/v1/projects/akrantha-web/global/networks/dev"
                        },
                        "meta": {},
                        "tainted": false
                    },
                    "deposed": [],
                    "provider": ""
                }
            },
            "depends_on": []
        }
    ]
}
